<?xml version="1.0" encoding="utf-8"?>
<Project xmlns="http://schemas.microsoft.com/developer/msbuild/2003">
  <ItemGroup>
    <Filter Include="Generated Files">
      <UniqueIdentifier>{71ED8ED8-ACB9-4CE9-BBE1-E00B30144E11}</UniqueIdentifier>
      <Extensions>cpp;c;cxx;moc;h;def;odl;idl;res;</Extensions>
    </Filter>
    <Filter Include="Generated Files">
      <UniqueIdentifier>{71ED8ED8-ACB9-4CE9-BBE1-E00B30144E11}</UniqueIdentifier>
      <Extensions>cpp;c;cxx;moc;h;def;odl;idl;res;</Extensions>
    </Filter>
    <Filter Include="Header Files">
      <UniqueIdentifier>{93995380-89BD-4b04-88EB-625FBE52EBFB}</UniqueIdentifier>
      <Extensions>h;hpp;hxx;hm;inl;inc;xsd</Extensions>
    </Filter>
    <Filter Include="Header Files">
      <UniqueIdentifier>{93995380-89BD-4b04-88EB-625FBE52EBFB}</UniqueIdentifier>
      <Extensions>h;hpp;hxx;hm;inl;inc;xsd</Extensions>
    </Filter>
    <Filter Include="Resource Files">
      <UniqueIdentifier>{D9D6E242-F8AF-46E4-B9FD-80ECBC20BA3E}</UniqueIdentifier>
      <Extensions>qrc;*</Extensions>
      <ParseFiles>false</ParseFiles>
    </Filter>
    <Filter Include="Resource Files">
      <UniqueIdentifier>{D9D6E242-F8AF-46E4-B9FD-80ECBC20BA3E}</UniqueIdentifier>
      <Extensions>qrc;*</Extensions>
      <ParseFiles>false</ParseFiles>
    </Filter>
    <Filter Include="Source Files">
      <UniqueIdentifier>{4FC737F1-C7A5-4376-A066-2A32D752A2FF}</UniqueIdentifier>
      <Extensions>cpp;c;cxx;def;odl;idl;hpj;bat;asm;asmx</Extensions>
    </Filter>
    <Filter Include="Source Files">
      <UniqueIdentifier>{4FC737F1-C7A5-4376-A066-2A32D752A2FF}</UniqueIdentifier>
      <Extensions>cpp;c;cxx;def;odl;idl;hpj;bat;asm;asmx</Extensions>
    </Filter>
    <Filter Include="Translation Files">
      <UniqueIdentifier>{639EADAA-A684-42e4-A9AD-28FC9BCB8F7C}</UniqueIdentifier>
      <Extensions>ts;xlf</Extensions>
      <ParseFiles>false</ParseFiles>
    </Filter>
    <Filter Include="Translation Files">
      <UniqueIdentifier>{639EADAA-A684-42e4-A9AD-28FC9BCB8F7C}</UniqueIdentifier>
      <Extensions>ts;xlf</Extensions>
      <ParseFiles>false</ParseFiles>
    </Filter>
  </ItemGroup>
  <ItemGroup>
    <ClCompile Include="aboutqet.cpp">
      <Filter>Source Files</Filter>
    </ClCompile>
    <ClCompile Include="conductor.cpp">
      <Filter>Source Files</Filter>
    </ClCompile>
    <ClCompile Include="contactor.cpp">
      <Filter>Source Files</Filter>
    </ClCompile>
    <ClCompile Include="del.cpp">
      <Filter>Source Files</Filter>
    </ClCompile>
    <ClCompile Include="element.cpp">
      <Filter>Source Files</Filter>
    </ClCompile>
    <ClCompile Include="elementfixe.cpp">
      <Filter>Source Files</Filter>
    </ClCompile>
    <ClCompile Include="elementperso.cpp">
      <Filter>Source Files</Filter>
    </ClCompile>
    <ClCompile Include="entree.cpp">
      <Filter>Source Files</Filter>
    </ClCompile>
    <ClCompile Include="main.cpp">
      <Filter>Source Files</Filter>
    </ClCompile>
    <ClCompile Include="panelappareils.cpp">
      <Filter>Source Files</Filter>
    </ClCompile>
    <ClCompile Include="qetapp.cpp">
      <Filter>Source Files</Filter>
    </ClCompile>
    <ClCompile Include="schema.cpp">
      <Filter>Source Files</Filter>
    </ClCompile>
    <ClCompile Include="schemaview.cpp">
      <Filter>Source Files</Filter>
    </ClCompile>
    <ClCompile Include="terminal.cpp">
      <Filter>Source Files</Filter>
    </ClCompile>
  </ItemGroup>
  <ItemGroup>
    <CustomBuild Include="aboutqet.h">
      <Filter>Header Files</Filter>
    </CustomBuild>
    <ClInclude Include="conductor.h">
      <Filter>Header Files</Filter>
    </ClInclude>
    <ClInclude Include="contactor.h">
      <Filter>Header Files</Filter>
    </ClInclude>
    <ClInclude Include="del.h">
      <Filter>Header Files</Filter>
    </ClInclude>
    <ClInclude Include="element.h">
      <Filter>Header Files</Filter>
    </ClInclude>
    <ClInclude Include="elementfixe.h">
      <Filter>Header Files</Filter>
    </ClInclude>
    <ClInclude Include="elementperso.h">
      <Filter>Header Files</Filter>
    </ClInclude>
    <ClInclude Include="entree.h">
      <Filter>Header Files</Filter>
    </ClInclude>
    <CustomBuild Include="panelappareils.h">
      <Filter>Header Files</Filter>
    </CustomBuild>
    <CustomBuild Include="qetapp.h">
      <Filter>Header Files</Filter>
    </CustomBuild>
    <CustomBuild Include="schema.h">
      <Filter>Header Files</Filter>
    </CustomBuild>
    <CustomBuild Include="schemaview.h">
      <Filter>Header Files</Filter>
    </CustomBuild>
    <ClInclude Include="terminal.h">
      <Filter>Header Files</Filter>
    </ClInclude>
  </ItemGroup>
  <ItemGroup>
    <ClCompile Include="debug\moc_aboutqet.cpp">
      <Filter>Generated Files</Filter>
    </ClCompile>
    <ClCompile Include="release\moc_aboutqet.cpp">
      <Filter>Generated Files</Filter>
    </ClCompile>
    <ClCompile Include="debug\moc_panelappareils.cpp">
      <Filter>Generated Files</Filter>
    </ClCompile>
    <ClCompile Include="release\moc_panelappareils.cpp">
      <Filter>Generated Files</Filter>
    </ClCompile>
    <CustomBuild Include="debug\moc_predefs.h.cbt">
      <Filter>Generated Files</Filter>
    </CustomBuild>
    <CustomBuild Include="release\moc_predefs.h.cbt">
      <Filter>Generated Files</Filter>
    </CustomBuild>
    <ClCompile Include="debug\moc_qetapp.cpp">
      <Filter>Generated Files</Filter>
    </ClCompile>
    <ClCompile Include="release\moc_qetapp.cpp">
      <Filter>Generated Files</Filter>
    </ClCompile>
    <ClCompile Include="debug\moc_schema.cpp">
      <Filter>Generated Files</Filter>
    </ClCompile>
    <ClCompile Include="release\moc_schema.cpp">
      <Filter>Generated Files</Filter>
    </ClCompile>
    <ClCompile Include="debug\moc_schemaview.cpp">
      <Filter>Generated Files</Filter>
    </ClCompile>
    <ClCompile Include="release\moc_schemaview.cpp">
      <Filter>Generated Files</Filter>
    </ClCompile>
    <ClCompile Include="debug\qrc_qelectrotech.cpp">
      <Filter>Generated Files</Filter>
    </ClCompile>
    <ClCompile Include="release\qrc_qelectrotech.cpp">
      <Filter>Generated Files</Filter>
    </ClCompile>
  </ItemGroup>
  <ItemGroup>
    <None Include="qet_en.ts">
      <Filter>Translation Files</Filter>
    </None>
  </ItemGroup>
  <ItemGroup>
    <None Include="ico\button_cancel.png">
      <Filter>Resource Files</Filter>
    </None>
    <None Include="ico\button_ok.png">
      <Filter>Resource Files</Filter>
    </None>
    <None Include="ico\configure.png">
      <Filter>Resource Files</Filter>
    </None>
    <None Include="ico\copy.png">
      <Filter>Resource Files</Filter>
    </None>
    <None Include="ico\cut.png">
      <Filter>Resource Files</Filter>
    </None>
    <None Include="ico\delete.png">
      <Filter>Resource Files</Filter>
    </None>
    <None Include="ico\editdelete.png">
      <Filter>Resource Files</Filter>
    </None>
    <None Include="ico\entrer_fs.png">
      <Filter>Resource Files</Filter>
    </None>
    <None Include="ico\exit.png">
      <Filter>Resource Files</Filter>
    </None>
    <None Include="ico\export.png">
      <Filter>Resource Files</Filter>
    </None>
    <None Include="ico\fileclose.png">
      <Filter>Resource Files</Filter>
    </None>
    <None Include="ico\import.png">
      <Filter>Resource Files</Filter>
    </None>
    <None Include="ico\masquer.png">
      <Filter>Resource Files</Filter>
    </None>
    <None Include="ico\move.png">
      <Filter>Resource Files</Filter>
    </None>
    <None Include="ico\new.png">
      <Filter>Resource Files</Filter>
    </None>
    <None Include="ico\open.png">
      <Filter>Resource Files</Filter>
    </None>
    <None Include="ico\paste.png">
      <Filter>Resource Files</Filter>
    </None>
    <None Include="ico\pivoter.png">
      <Filter>Resource Files</Filter>
    </None>
    <None Include="ico\print.png">
      <Filter>Resource Files</Filter>
    </None>
    <None Include="ico\qelectrotech.png">
      <Filter>Resource Files</Filter>
    </None>
    <CustomBuild Include="qelectrotech.qrc">
      <Filter>Resource Files</Filter>
    </CustomBuild>
    <None Include="ico\qet.png">
      <Filter>Resource Files</Filter>
    </None>
    <None Include="ico\qt.png">
      <Filter>Resource Files</Filter>
    </None>
    <None Include="ico\redo.png">
      <Filter>Resource Files</Filter>
    </None>
    <None Include="ico\restaurer.png">
      <Filter>Resource Files</Filter>
    </None>
    <None Include="ico\save.png">
      <Filter>Resource Files</Filter>
    </None>
    <None Include="ico\saveas.png">
      <Filter>Resource Files</Filter>
    </None>
    <None Include="ico\select.png">
      <Filter>Resource Files</Filter>
    </None>
    <None Include="ico\sortir_fs.png">
      <Filter>Resource Files</Filter>
    </None>
    <None Include="ico\toolbars.png">
      <Filter>Resource Files</Filter>
    </None>
    <None Include="ico\undo.png">
      <Filter>Resource Files</Filter>
    </None>
    <None Include="ico\viewmag+.png">
      <Filter>Resource Files</Filter>
    </None>
    <None Include="ico\viewmag-.png">
      <Filter>Resource Files</Filter>
    </None>
    <None Include="ico\viewmag.png">
      <Filter>Resource Files</Filter>
    </None>
    <None Include="ico\viewmagfit.png">
      <Filter>Resource Files</Filter>
    </None>
  </ItemGroup>
</Project>